
Microsoft Visual Studio Solution File, Format Version 11.00
# Visual Studio 2010
Project("{FAE04EC0-301F-11D3-BF4B-00C04F79EFBC}") = "TestShaker", "TestShaker\TestShaker.csproj", "{E0433433-2E0E-47D0-A1E9-B434BCB914CD}"
EndProject
Project("{FAE04EC0-301F-11D3-BF4B-00C04F79EFBC}") = "Recipes", "Recipes\Recipes.csproj", "{CCCCD476-4126-445F-A632-7B8A79713385}"
EndProject
Project("{2150E333-8FDC-42A3-9474-1A3956D46DE8}") = "v1", "v1", "{0938256D-86AE-45F9-B587-2EA0AF1C7C44}"
EndProject
Project("{FAE04EC0-301F-11D3-BF4B-00C04F79EFBC}") = "Shaker.Service", "v1\Shaker.Service\Shaker.Service.csproj", "{E743671D-DA65-40E9-BDAF-3D40A72A8050}"
EndProject
Project("{FAE04EC0-301F-11D3-BF4B-00C04F79EFBC}") = "Shaker.Client", "v1\Shaker.Client\Shaker.Client.csproj", "{45964151-72E1-43ED-8961-E3B4E47DAF67}"
EndProject
Project("{2150E333-8FDC-42A3-9474-1A3956D46DE8}") = "Service", "Service", "{053FE9A1-EE14-4EDB-A3A1-DCA63A585E26}"
EndProject
Project("{FAE04EC0-301F-11D3-BF4B-00C04F79EFBC}") = "Recipes.Contract", "Recipes.Contract\Recipes.Contract.csproj", "{212A3711-79E4-459C-BB12-E5A9A8C54C39}"
EndProject
Project("{2150E333-8FDC-42A3-9474-1A3956D46DE8}") = "v2", "v2", "{35F59B9C-57B6-4BAB-84C4-B08B0FE41184}"
EndProject
Project("{FAE04EC0-301F-11D3-BF4B-00C04F79EFBC}") = "Shaker.Client", "v2\Shaker.Client\Shaker.Client.csproj", "{515BFB3A-6794-45DC-A12D-E36F925A47C6}"
EndProject
Project("{FAE04EC0-301F-11D3-BF4B-00C04F79EFBC}") = "RecipeBook.Client", "v2\RecipeBook.Client\RecipeBook.Client.csproj", "{82033B50-6359-46C2-AC62-FD5C9A58FC86}"
EndProject
Project("{2150E333-8FDC-42A3-9474-1A3956D46DE8}") = "v3", "v3", "{3A40073C-C38C-4484-A762-D72AB9824E10}"
EndProject
Project("{FAE04EC0-301F-11D3-BF4B-00C04F79EFBC}") = "Shaker.Service", "v3\Shaker.Service\Shaker.Service.csproj", "{F688B29A-3A44-4DE8-BCCD-150A51619448}"
EndProject
Project("{FAE04EC0-301F-11D3-BF4B-00C04F79EFBC}") = "RecipeBook.Server", "v3\RecipeBook.Server\RecipeBook.Server.csproj", "{934526B1-B167-4A55-9AD3-F7CA321C3D38}"
EndProject
Project("{FAE04EC0-301F-11D3-BF4B-00C04F79EFBC}") = "TestShakerService", "TestShakerService\TestShakerService.csproj", "{8ABD88B7-9AA6-46E7-82DA-B8E1C6F78ACC}"
EndProject
Project("{FAE04EC0-301F-11D3-BF4B-00C04F79EFBC}") = "CocktailShaker", "CocktailShaker\CocktailShaker.csproj", "{D04D004F-1343-4C83-89CF-A053B8BA76F7}"
EndProject
Global
	GlobalSection(SolutionConfigurationPlatforms) = preSolution
		Debug|Any CPU = Debug|Any CPU
		Release|Any CPU = Release|Any CPU
	EndGlobalSection
	GlobalSection(ProjectConfigurationPlatforms) = postSolution
		{E0433433-2E0E-47D0-A1E9-B434BCB914CD}.Debug|Any CPU.ActiveCfg = Debug|Any CPU
		{E0433433-2E0E-47D0-A1E9-B434BCB914CD}.Debug|Any CPU.Build.0 = Debug|Any CPU
		{E0433433-2E0E-47D0-A1E9-B434BCB914CD}.Release|Any CPU.ActiveCfg = Release|Any CPU
		{E0433433-2E0E-47D0-A1E9-B434BCB914CD}.Release|Any CPU.Build.0 = Release|Any CPU
		{CCCCD476-4126-445F-A632-7B8A79713385}.Debug|Any CPU.ActiveCfg = Debug|Any CPU
		{CCCCD476-4126-445F-A632-7B8A79713385}.Debug|Any CPU.Build.0 = Debug|Any CPU
		{CCCCD476-4126-445F-A632-7B8A79713385}.Release|Any CPU.ActiveCfg = Release|Any CPU
		{CCCCD476-4126-445F-A632-7B8A79713385}.Release|Any CPU.Build.0 = Release|Any CPU
		{E743671D-DA65-40E9-BDAF-3D40A72A8050}.Debug|Any CPU.ActiveCfg = Debug|Any CPU
		{E743671D-DA65-40E9-BDAF-3D40A72A8050}.Debug|Any CPU.Build.0 = Debug|Any CPU
		{E743671D-DA65-40E9-BDAF-3D40A72A8050}.Release|Any CPU.ActiveCfg = Release|Any CPU
		{E743671D-DA65-40E9-BDAF-3D40A72A8050}.Release|Any CPU.Build.0 = Release|Any CPU
		{45964151-72E1-43ED-8961-E3B4E47DAF67}.Debug|Any CPU.ActiveCfg = Debug|Any CPU
		{45964151-72E1-43ED-8961-E3B4E47DAF67}.Debug|Any CPU.Build.0 = Debug|Any CPU
		{45964151-72E1-43ED-8961-E3B4E47DAF67}.Release|Any CPU.ActiveCfg = Release|Any CPU
		{45964151-72E1-43ED-8961-E3B4E47DAF67}.Release|Any CPU.Build.0 = Release|Any CPU
		{212A3711-79E4-459C-BB12-E5A9A8C54C39}.Debug|Any CPU.ActiveCfg = Debug|Any CPU
		{212A3711-79E4-459C-BB12-E5A9A8C54C39}.Debug|Any CPU.Build.0 = Debug|Any CPU
		{212A3711-79E4-459C-BB12-E5A9A8C54C39}.Release|Any CPU.ActiveCfg = Release|Any CPU
		{212A3711-79E4-459C-BB12-E5A9A8C54C39}.Release|Any CPU.Build.0 = Release|Any CPU
		{515BFB3A-6794-45DC-A12D-E36F925A47C6}.Debug|Any CPU.ActiveCfg = Debug|Any CPU
		{515BFB3A-6794-45DC-A12D-E36F925A47C6}.Debug|Any CPU.Build.0 = Debug|Any CPU
		{515BFB3A-6794-45DC-A12D-E36F925A47C6}.Release|Any CPU.ActiveCfg = Release|Any CPU
		{515BFB3A-6794-45DC-A12D-E36F925A47C6}.Release|Any CPU.Build.0 = Release|Any CPU
		{82033B50-6359-46C2-AC62-FD5C9A58FC86}.Debug|Any CPU.ActiveCfg = Debug|Any CPU
		{82033B50-6359-46C2-AC62-FD5C9A58FC86}.Debug|Any CPU.Build.0 = Debug|Any CPU
		{82033B50-6359-46C2-AC62-FD5C9A58FC86}.Release|Any CPU.ActiveCfg = Release|Any CPU
		{82033B50-6359-46C2-AC62-FD5C9A58FC86}.Release|Any CPU.Build.0 = Release|Any CPU
		{F688B29A-3A44-4DE8-BCCD-150A51619448}.Debug|Any CPU.ActiveCfg = Debug|Any CPU
		{F688B29A-3A44-4DE8-BCCD-150A51619448}.Debug|Any CPU.Build.0 = Debug|Any CPU
		{F688B29A-3A44-4DE8-BCCD-150A51619448}.Release|Any CPU.ActiveCfg = Release|Any CPU
		{F688B29A-3A44-4DE8-BCCD-150A51619448}.Release|Any CPU.Build.0 = Release|Any CPU
		{934526B1-B167-4A55-9AD3-F7CA321C3D38}.Debug|Any CPU.ActiveCfg = Debug|Any CPU
		{934526B1-B167-4A55-9AD3-F7CA321C3D38}.Debug|Any CPU.Build.0 = Debug|Any CPU
		{934526B1-B167-4A55-9AD3-F7CA321C3D38}.Release|Any CPU.ActiveCfg = Release|Any CPU
		{934526B1-B167-4A55-9AD3-F7CA321C3D38}.Release|Any CPU.Build.0 = Release|Any CPU
		{8ABD88B7-9AA6-46E7-82DA-B8E1C6F78ACC}.Debug|Any CPU.ActiveCfg = Debug|Any CPU
		{8ABD88B7-9AA6-46E7-82DA-B8E1C6F78ACC}.Debug|Any CPU.Build.0 = Debug|Any CPU
		{8ABD88B7-9AA6-46E7-82DA-B8E1C6F78ACC}.Release|Any CPU.ActiveCfg = Release|Any CPU
		{8ABD88B7-9AA6-46E7-82DA-B8E1C6F78ACC}.Release|Any CPU.Build.0 = Release|Any CPU
		{D04D004F-1343-4C83-89CF-A053B8BA76F7}.Debug|Any CPU.ActiveCfg = Debug|Any CPU
		{D04D004F-1343-4C83-89CF-A053B8BA76F7}.Debug|Any CPU.Build.0 = Debug|Any CPU
		{D04D004F-1343-4C83-89CF-A053B8BA76F7}.Release|Any CPU.ActiveCfg = Release|Any CPU
		{D04D004F-1343-4C83-89CF-A053B8BA76F7}.Release|Any CPU.Build.0 = Release|Any CPU
	EndGlobalSection
	GlobalSection(SolutionProperties) = preSolution
		HideSolutionNode = FALSE
	EndGlobalSection
	GlobalSection(NestedProjects) = preSolution
		{E743671D-DA65-40E9-BDAF-3D40A72A8050} = {0938256D-86AE-45F9-B587-2EA0AF1C7C44}
		{45964151-72E1-43ED-8961-E3B4E47DAF67} = {0938256D-86AE-45F9-B587-2EA0AF1C7C44}
		{0938256D-86AE-45F9-B587-2EA0AF1C7C44} = {053FE9A1-EE14-4EDB-A3A1-DCA63A585E26}
		{212A3711-79E4-459C-BB12-E5A9A8C54C39} = {053FE9A1-EE14-4EDB-A3A1-DCA63A585E26}
		{35F59B9C-57B6-4BAB-84C4-B08B0FE41184} = {053FE9A1-EE14-4EDB-A3A1-DCA63A585E26}
		{3A40073C-C38C-4484-A762-D72AB9824E10} = {053FE9A1-EE14-4EDB-A3A1-DCA63A585E26}
		{8ABD88B7-9AA6-46E7-82DA-B8E1C6F78ACC} = {053FE9A1-EE14-4EDB-A3A1-DCA63A585E26}
		{515BFB3A-6794-45DC-A12D-E36F925A47C6} = {35F59B9C-57B6-4BAB-84C4-B08B0FE41184}
		{82033B50-6359-46C2-AC62-FD5C9A58FC86} = {35F59B9C-57B6-4BAB-84C4-B08B0FE41184}
		{F688B29A-3A44-4DE8-BCCD-150A51619448} = {3A40073C-C38C-4484-A762-D72AB9824E10}
		{934526B1-B167-4A55-9AD3-F7CA321C3D38} = {3A40073C-C38C-4484-A762-D72AB9824E10}
	EndGlobalSection
EndGlobal
